
Microsoft Visual Studio Solution File, Format Version 12.00
# Visual Studio Version 16
VisualStudioVersion = 16.0.30128.74
MinimumVisualStudioVersion = 10.0.40219.1
Project("{FAE04EC0-301F-11D3-BF4B-00C04F79EFBC}") = "Exercicio3", "Exercicio3\Exercicio3.csproj", "{9CFEB25B-E4E2-4455-BED3-2D974F877679}"
EndProject
Global
	GlobalSection(SolutionConfigurationPlatforms) = preSolution
		Debug|Any CPU = Debug|Any CPU
		Release|Any CPU = Release|Any CPU
	EndGlobalSection
	GlobalSection(ProjectConfigurationPlatforms) = postSolution
		{9CFEB25B-E4E2-4455-BED3-2D974F877679}.Debug|Any CPU.ActiveCfg = Debug|Any CPU
		{9CFEB25B-E4E2-4455-BED3-2D974F877679}.Debug|Any CPU.Build.0 = Debug|Any CPU
		{9CFEB25B-E4E2-4455-BED3-2D974F877679}.Release|Any CPU.ActiveCfg = Release|Any CPU
		{9CFEB25B-E4E2-4455-BED3-2D974F877679}.Release|Any CPU.Build.0 = Release|Any CPU
	EndGlobalSection
	GlobalSection(SolutionProperties) = preSolution
		HideSolutionNode = FALSE
	EndGlobalSection
	GlobalSection(ExtensibilityGlobals) = postSolution
		SolutionGuid = {3C7B0493-001C-4DBB-A0A7-22D4E3029F37}
	EndGlobalSection
EndGlobal
